
Microsoft Visual Studio Solution File, Format Version 12.00
# Visual Studio Version 17
VisualStudioVersion = 17.13.35931.197
MinimumVisualStudioVersion = 10.0.40219.1
Project("{2150E333-8FDC-42A3-9474-1A3956D46DE8}") = "Core", "Core", "{02EA681E-C7D8-13C7-8484-4AC65E1B71E8}"
EndProject
Project("{2150E333-8FDC-42A3-9474-1A3956D46DE8}") = "Infrastructure", "Infrastructure", "{6ECBD869-74E4-45D8-8B66-DFF05393C296}"
EndProject
Project("{2150E333-8FDC-42A3-9474-1A3956D46DE8}") = "Presentation", "Presentation", "{E8321B07-F8EE-4347-9AEA-9103CAF590E5}"
EndProject
Project("{FAE04EC0-301F-11D3-BF4B-00C04F79EFBC}") = "CupAPI.Domain", "Core\CupAPI.Domain\CupAPI.Domain.csproj", "{787417A3-184F-4F5B-9910-382E5798DEB3}"
EndProject
Project("{FAE04EC0-301F-11D3-BF4B-00C04F79EFBC}") = "CupAPI.Application", "Core\CupAPI.Application\CupAPI.Application.csproj", "{612E0916-ACC1-41BD-9735-EC28E2512C67}"
EndProject
Project("{FAE04EC0-301F-11D3-BF4B-00C04F79EFBC}") = "CupAPI.Persistence", "Infrastructure\CupAPI.Persistence\CupAPI.Persistence.csproj", "{CCD3008A-B070-463C-A6D1-0D0C7ED8663C}"
EndProject
Project("{FAE04EC0-301F-11D3-BF4B-00C04F79EFBC}") = "CupAPI.API", "Presentation\CupAPI.API\CupAPI.API.csproj", "{F05EB8EA-640B-4BBC-8D44-C9DBA72A94E4}"
EndProject
Global
	GlobalSection(SolutionConfigurationPlatforms) = preSolution
		Debug|Any CPU = Debug|Any CPU
		Release|Any CPU = Release|Any CPU
	EndGlobalSection
	GlobalSection(ProjectConfigurationPlatforms) = postSolution
		{787417A3-184F-4F5B-9910-382E5798DEB3}.Debug|Any CPU.ActiveCfg = Debug|Any CPU
		{787417A3-184F-4F5B-9910-382E5798DEB3}.Debug|Any CPU.Build.0 = Debug|Any CPU
		{787417A3-184F-4F5B-9910-382E5798DEB3}.Release|Any CPU.ActiveCfg = Release|Any CPU
		{787417A3-184F-4F5B-9910-382E5798DEB3}.Release|Any CPU.Build.0 = Release|Any CPU
		{612E0916-ACC1-41BD-9735-EC28E2512C67}.Debug|Any CPU.ActiveCfg = Debug|Any CPU
		{612E0916-ACC1-41BD-9735-EC28E2512C67}.Debug|Any CPU.Build.0 = Debug|Any CPU
		{612E0916-ACC1-41BD-9735-EC28E2512C67}.Release|Any CPU.ActiveCfg = Release|Any CPU
		{612E0916-ACC1-41BD-9735-EC28E2512C67}.Release|Any CPU.Build.0 = Release|Any CPU
		{CCD3008A-B070-463C-A6D1-0D0C7ED8663C}.Debug|Any CPU.ActiveCfg = Debug|Any CPU
		{CCD3008A-B070-463C-A6D1-0D0C7ED8663C}.Debug|Any CPU.Build.0 = Debug|Any CPU
		{CCD3008A-B070-463C-A6D1-0D0C7ED8663C}.Release|Any CPU.ActiveCfg = Release|Any CPU
		{CCD3008A-B070-463C-A6D1-0D0C7ED8663C}.Release|Any CPU.Build.0 = Release|Any CPU
		{F05EB8EA-640B-4BBC-8D44-C9DBA72A94E4}.Debug|Any CPU.ActiveCfg = Debug|Any CPU
		{F05EB8EA-640B-4BBC-8D44-C9DBA72A94E4}.Debug|Any CPU.Build.0 = Debug|Any CPU
		{F05EB8EA-640B-4BBC-8D44-C9DBA72A94E4}.Release|Any CPU.ActiveCfg = Release|Any CPU
		{F05EB8EA-640B-4BBC-8D44-C9DBA72A94E4}.Release|Any CPU.Build.0 = Release|Any CPU
	EndGlobalSection
	GlobalSection(SolutionProperties) = preSolution
		HideSolutionNode = FALSE
	EndGlobalSection
	GlobalSection(NestedProjects) = preSolution
		{787417A3-184F-4F5B-9910-382E5798DEB3} = {02EA681E-C7D8-13C7-8484-4AC65E1B71E8}
		{612E0916-ACC1-41BD-9735-EC28E2512C67} = {02EA681E-C7D8-13C7-8484-4AC65E1B71E8}
		{CCD3008A-B070-463C-A6D1-0D0C7ED8663C} = {6ECBD869-74E4-45D8-8B66-DFF05393C296}
		{F05EB8EA-640B-4BBC-8D44-C9DBA72A94E4} = {E8321B07-F8EE-4347-9AEA-9103CAF590E5}
	EndGlobalSection
	GlobalSection(ExtensibilityGlobals) = postSolution
		SolutionGuid = {E834A1F4-CA66-40D4-A87F-F043A78F1B0C}
	EndGlobalSection
EndGlobal
